<?xml version="1.0" encoding="utf-8"?>
<Project ToolsVersion="4.0" xmlns="http://schemas.microsoft.com/developer/msbuild/2003">
  <ItemGroup>
    <ClCompile Include="addElement.cpp">
      <Filter>.cpp</Filter>
    </ClCompile>
    <ClCompile Include="Client.cpp">
      <Filter>.cpp</Filter>
    </ClCompile>
    <ClCompile Include="delete.cpp">
      <Filter>.cpp</Filter>
    </ClCompile>
    <ClCompile Include="equ.cpp">
      <Filter>.cpp</Filter>
    </ClCompile>
    <ClCompile Include="Init.cpp">
      <Filter>.cpp</Filter>
    </ClCompile>
    <ClCompile Include="inputAnimal.cpp">
      <Filter>.cpp</Filter>
    </ClCompile>
    <ClCompile Include="inputBird.cpp">
      <Filter>.cpp</Filter>
    </ClCompile>
    <ClCompile Include="InputContainer.cpp">
      <Filter>.cpp</Filter>
    </ClCompile>
    <ClCompile Include="inputElement.cpp">
      <Filter>.cpp</Filter>
    </ClCompile>
    <ClCompile Include="inputFish.cpp">
      <Filter>.cpp</Filter>
    </ClCompile>
    <ClCompile Include="nameLenght.cpp">
      <Filter>.cpp</Filter>
    </ClCompile>
    <ClCompile Include="outputAnimal.cpp">
      <Filter>.cpp</Filter>
    </ClCompile>
    <ClCompile Include="outputBird.cpp">
      <Filter>.cpp</Filter>
    </ClCompile>
    <ClCompile Include="outputFish.cpp">
      <Filter>.cpp</Filter>
    </ClCompile>
    <ClCompile Include="outputElement.cpp">
      <Filter>.cpp</Filter>
    </ClCompile>
    <ClCompile Include="outputContainer.cpp">
      <Filter>.cpp</Filter>
    </ClCompile>
    <ClCompile Include="ignoreOutput.cpp">
      <Filter>.cpp</Filter>
    </ClCompile>
    <ClCompile Include="sort.cpp">
      <Filter>.cpp</Filter>
    </ClCompile>
  </ItemGroup>
  <ItemGroup>
    <ClInclude Include="addElement.h">
      <Filter>.h</Filter>
    </ClInclude>
    <ClInclude Include="animal.h">
      <Filter>.h</Filter>
    </ClInclude>
    <ClInclude Include="Bird.h">
      <Filter>.h</Filter>
    </ClInclude>
    <ClInclude Include="delete.h">
      <Filter>.h</Filter>
    </ClInclude>
    <ClInclude Include="equ.h">
      <Filter>.h</Filter>
    </ClInclude>
    <ClInclude Include="Element.h">
      <Filter>.h</Filter>
    </ClInclude>
    <ClInclude Include="container.h">
      <Filter>.h</Filter>
    </ClInclude>
    <ClInclude Include="Fish.h">
      <Filter>.h</Filter>
    </ClInclude>
    <ClInclude Include="Head.h">
      <Filter>.h</Filter>
    </ClInclude>
    <ClInclude Include="Init.h">
      <Filter>.h</Filter>
    </ClInclude>
    <ClInclude Include="inputAnimal.h">
      <Filter>.h</Filter>
    </ClInclude>
    <ClInclude Include="inputBird.h">
      <Filter>.h</Filter>
    </ClInclude>
    <ClInclude Include="InputContainer.h">
      <Filter>.h</Filter>
    </ClInclude>
    <ClInclude Include="inputElement.h">
      <Filter>.h</Filter>
    </ClInclude>
    <ClInclude Include="inputFish.h">
      <Filter>.h</Filter>
    </ClInclude>
    <ClInclude Include="nameLenght.h">
      <Filter>.h</Filter>
    </ClInclude>
    <ClInclude Include="outputFish.h">
      <Filter>.h</Filter>
    </ClInclude>
    <ClInclude Include="outputBird.h">
      <Filter>.h</Filter>
    </ClInclude>
    <ClInclude Include="outputAnimal.h">
      <Filter>.h</Filter>
    </ClInclude>
    <ClInclude Include="outputElement.h">
      <Filter>.h</Filter>
    </ClInclude>
    <ClInclude Include="outputContainer.h">
      <Filter>.h</Filter>
    </ClInclude>
    <ClInclude Include="ignoreOutput.h">
      <Filter>.h</Filter>
    </ClInclude>
    <ClInclude Include="sort.h">
      <Filter>.h</Filter>
    </ClInclude>
  </ItemGroup>
  <ItemGroup>
    <Text Include="input.txt">
      <Filter>.txt</Filter>
    </Text>
    <Text Include="output.txt">
      <Filter>.txt</Filter>
    </Text>
  </ItemGroup>
  <ItemGroup>
    <None Include="..\..\progaTest\progaTest.sln" />
  </ItemGroup>
  <ItemGroup>
    <Filter Include=".h">
      <UniqueIdentifier>{f4c99183-8600-4743-8c2e-e053bcdf7755}</UniqueIdentifier>
    </Filter>
    <Filter Include=".cpp">
      <UniqueIdentifier>{24f3a9f6-590f-4bd6-9244-c76804f37661}</UniqueIdentifier>
    </Filter>
    <Filter Include=".txt">
      <UniqueIdentifier>{3fcc9cb3-51f4-4ffe-b8df-4385ce47b7aa}</UniqueIdentifier>
    </Filter>
  </ItemGroup>
</Project>